
Microsoft Visual Studio Solution File, Format Version 12.00
# Visual Studio 2012
VisualStudioVersion = 12.0.21005.1
MinimumVisualStudioVersion = 10.0.40219.1
Project("{FAE04EC0-301F-11D3-BF4B-00C04F79EFBC}") = "DataPivoterTest", "DataPivoterTest\DataPivoterTest.csproj", "{0548ECB9-5141-42FA-AB3C-1222BFCE5BF7}"
EndProject
Project("{FAE04EC0-301F-11D3-BF4B-00C04F79EFBC}") = "DataPivoter", "DataPivoter\DataPivoter.csproj", "{1CFD0961-82A8-4779-B385-ECF2DDABC7CD}"
EndProject
Project("{FAE04EC0-301F-11D3-BF4B-00C04F79EFBC}") = "DataPivoterTestForm", "DataPivoterTestForm\DataPivoterTestForm.csproj", "{FB73DFA2-59BB-4FBD-B22E-8EABA13422CE}"
EndProject
Global
	GlobalSection(SolutionConfigurationPlatforms) = preSolution
		Debug|Any CPU = Debug|Any CPU
		Debug|Mixed Platforms = Debug|Mixed Platforms
		Debug|x86 = Debug|x86
		Release|Any CPU = Release|Any CPU
		Release|Mixed Platforms = Release|Mixed Platforms
		Release|x86 = Release|x86
	EndGlobalSection
	GlobalSection(ProjectConfigurationPlatforms) = postSolution
		{0548ECB9-5141-42FA-AB3C-1222BFCE5BF7}.Debug|Any CPU.ActiveCfg = Debug|x86
		{0548ECB9-5141-42FA-AB3C-1222BFCE5BF7}.Debug|Mixed Platforms.ActiveCfg = Debug|x86
		{0548ECB9-5141-42FA-AB3C-1222BFCE5BF7}.Debug|Mixed Platforms.Build.0 = Debug|x86
		{0548ECB9-5141-42FA-AB3C-1222BFCE5BF7}.Debug|x86.ActiveCfg = Debug|x86
		{0548ECB9-5141-42FA-AB3C-1222BFCE5BF7}.Debug|x86.Build.0 = Debug|x86
		{0548ECB9-5141-42FA-AB3C-1222BFCE5BF7}.Release|Any CPU.ActiveCfg = Release|x86
		{0548ECB9-5141-42FA-AB3C-1222BFCE5BF7}.Release|Mixed Platforms.ActiveCfg = Release|x86
		{0548ECB9-5141-42FA-AB3C-1222BFCE5BF7}.Release|Mixed Platforms.Build.0 = Release|x86
		{0548ECB9-5141-42FA-AB3C-1222BFCE5BF7}.Release|x86.ActiveCfg = Release|x86
		{0548ECB9-5141-42FA-AB3C-1222BFCE5BF7}.Release|x86.Build.0 = Release|x86
		{1CFD0961-82A8-4779-B385-ECF2DDABC7CD}.Debug|Any CPU.ActiveCfg = Debug|Any CPU
		{1CFD0961-82A8-4779-B385-ECF2DDABC7CD}.Debug|Any CPU.Build.0 = Debug|Any CPU
		{1CFD0961-82A8-4779-B385-ECF2DDABC7CD}.Debug|Mixed Platforms.ActiveCfg = Debug|Any CPU
		{1CFD0961-82A8-4779-B385-ECF2DDABC7CD}.Debug|Mixed Platforms.Build.0 = Debug|Any CPU
		{1CFD0961-82A8-4779-B385-ECF2DDABC7CD}.Debug|x86.ActiveCfg = Debug|Any CPU
		{1CFD0961-82A8-4779-B385-ECF2DDABC7CD}.Debug|x86.Build.0 = Debug|Any CPU
		{1CFD0961-82A8-4779-B385-ECF2DDABC7CD}.Release|Any CPU.ActiveCfg = Release|Any CPU
		{1CFD0961-82A8-4779-B385-ECF2DDABC7CD}.Release|Any CPU.Build.0 = Release|Any CPU
		{1CFD0961-82A8-4779-B385-ECF2DDABC7CD}.Release|Mixed Platforms.ActiveCfg = Release|Any CPU
		{1CFD0961-82A8-4779-B385-ECF2DDABC7CD}.Release|Mixed Platforms.Build.0 = Release|Any CPU
		{1CFD0961-82A8-4779-B385-ECF2DDABC7CD}.Release|x86.ActiveCfg = Release|Any CPU
		{1CFD0961-82A8-4779-B385-ECF2DDABC7CD}.Release|x86.Build.0 = Release|Any CPU
		{FB73DFA2-59BB-4FBD-B22E-8EABA13422CE}.Debug|Any CPU.ActiveCfg = Debug|Any CPU
		{FB73DFA2-59BB-4FBD-B22E-8EABA13422CE}.Debug|Any CPU.Build.0 = Debug|Any CPU
		{FB73DFA2-59BB-4FBD-B22E-8EABA13422CE}.Debug|Mixed Platforms.ActiveCfg = Debug|Any CPU
		{FB73DFA2-59BB-4FBD-B22E-8EABA13422CE}.Debug|Mixed Platforms.Build.0 = Debug|Any CPU
		{FB73DFA2-59BB-4FBD-B22E-8EABA13422CE}.Debug|x86.ActiveCfg = Debug|Any CPU
		{FB73DFA2-59BB-4FBD-B22E-8EABA13422CE}.Debug|x86.Build.0 = Debug|Any CPU
		{FB73DFA2-59BB-4FBD-B22E-8EABA13422CE}.Release|Any CPU.ActiveCfg = Release|Any CPU
		{FB73DFA2-59BB-4FBD-B22E-8EABA13422CE}.Release|Any CPU.Build.0 = Release|Any CPU
		{FB73DFA2-59BB-4FBD-B22E-8EABA13422CE}.Release|Mixed Platforms.ActiveCfg = Release|Any CPU
		{FB73DFA2-59BB-4FBD-B22E-8EABA13422CE}.Release|Mixed Platforms.Build.0 = Release|Any CPU
		{FB73DFA2-59BB-4FBD-B22E-8EABA13422CE}.Release|x86.ActiveCfg = Release|Any CPU
		{FB73DFA2-59BB-4FBD-B22E-8EABA13422CE}.Release|x86.Build.0 = Release|Any CPU
	EndGlobalSection
	GlobalSection(SolutionProperties) = preSolution
		HideSolutionNode = FALSE
	EndGlobalSection
EndGlobal
